// !$*UTF8*$!
{
	archiveVersion = 1;
	classes = {
	};
	objectVersion = 46;
	objects = {

/* Begin PBXBuildFile section */
		D801FA331BCEB70B0044BB32 /* geography-class_medres.mbtiles in Resources */ = {isa = PBXBuildFile; fileRef = D801FA321BCEB70B0044BB32 /* geography-class_medres.mbtiles */; };
		D801FA391BCEC5A30044BB32 /* country_json_50m in Resources */ = {isa = PBXBuildFile; fileRef = D801FA381BCEC5A30044BB32 /* country_json_50m */; };
		D801FA3B1BCECEC90044BB32 /* marker-stroked-24@2x.png in Resources */ = {isa = PBXBuildFile; fileRef = D801FA3A1BCECEC90044BB32 /* marker-stroked-24@2x.png */; };
		D801FA681BCEF22D0044BB32 /* CartoDBLayer.swift in Sources */ = {isa = PBXBuildFile; fileRef = D801FA661BCEF22D0044BB32 /* CartoDBLayer.swift */; };
		D801FA691BCEF22D0044BB32 /* ViewController.swift in Sources */ = {isa = PBXBuildFile; fileRef = D801FA671BCEF22D0044BB32 /* ViewController.swift */; };
		D8341A6D1BE2A61100411A46 /* mapzen_vectors in Resources */ = {isa = PBXBuildFile; fileRef = D8341A6C1BE2A61100411A46 /* mapzen_vectors */; };
		D8F37A591BCDA6300040D6BD /* AppDelegate.swift in Sources */ = {isa = PBXBuildFile; fileRef = D8F37A581BCDA6300040D6BD /* AppDelegate.swift */; };
		D8F37A5E1BCDA6300040D6BD /* Main.storyboard in Resources */ = {isa = PBXBuildFile; fileRef = D8F37A5C1BCDA6300040D6BD /* Main.storyboard */; };
		D8F37A601BCDA6300040D6BD /* Assets.xcassets in Resources */ = {isa = PBXBuildFile; fileRef = D8F37A5F1BCDA6300040D6BD /* Assets.xcassets */; };
		D8F37A631BCDA6300040D6BD /* LaunchScreen.storyboard in Resources */ = {isa = PBXBuildFile; fileRef = D8F37A611BCDA6300040D6BD /* LaunchScreen.storyboard */; };
		D8F37A6E1BCDA6310040D6BD /* HelloEarthSwiftTests.swift in Sources */ = {isa = PBXBuildFile; fileRef = D8F37A6D1BCDA6310040D6BD /* HelloEarthSwiftTests.swift */; };
		D8F37A791BCDA6310040D6BD /* HelloEarthSwiftUITests.swift in Sources */ = {isa = PBXBuildFile; fileRef = D8F37A781BCDA6310040D6BD /* HelloEarthSwiftUITests.swift */; };
		D8F37A8D1BCDB18B0040D6BD /* libWhirlyGlobe-MaplyComponent.a in Frameworks */ = {isa = PBXBuildFile; fileRef = D8F37A8C1BCDB17D0040D6BD /* libWhirlyGlobe-MaplyComponent.a */; };
		D8F37A8F1BCDB1A70040D6BD /* CoreLocation.framework in Frameworks */ = {isa = PBXBuildFile; fileRef = D8F37A8E1BCDB1A70040D6BD /* CoreLocation.framework */; };
		D8F37A911BCDB2060040D6BD /* libc++.tbd in Frameworks */ = {isa = PBXBuildFile; fileRef = D8F37A901BCDB2060040D6BD /* libc++.tbd */; };
		D8F37A931BCDB2130040D6BD /* libz.tbd in Frameworks */ = {isa = PBXBuildFile; fileRef = D8F37A921BCDB2130040D6BD /* libz.tbd */; };
		D8F37A951BCDB2200040D6BD /* libxml2.tbd in Frameworks */ = {isa = PBXBuildFile; fileRef = D8F37A941BCDB2200040D6BD /* libxml2.tbd */; };
		D8F37A971BCDB22E0040D6BD /* libsqlite3.tbd in Frameworks */ = {isa = PBXBuildFile; fileRef = D8F37A961BCDB22E0040D6BD /* libsqlite3.tbd */; };
/* End PBXBuildFile section */

/* Begin PBXContainerItemProxy section */
		D8F37A6A1BCDA6310040D6BD /* PBXContainerItemProxy */ = {
			isa = PBXContainerItemProxy;
			containerPortal = D8F37A4D1BCDA6300040D6BD /* Project object */;
			proxyType = 1;
			remoteGlobalIDString = D8F37A541BCDA6300040D6BD;
			remoteInfo = HelloEarthSwift;
		};
		D8F37A751BCDA6310040D6BD /* PBXContainerItemProxy */ = {
			isa = PBXContainerItemProxy;
			containerPortal = D8F37A4D1BCDA6300040D6BD /* Project object */;
			proxyType = 1;
			remoteGlobalIDString = D8F37A541BCDA6300040D6BD;
			remoteInfo = HelloEarthSwift;
		};
		D8F37A8B1BCDB17D0040D6BD /* PBXContainerItemProxy */ = {
			isa = PBXContainerItemProxy;
			containerPortal = D8F37A861BCDB17D0040D6BD /* WhirlyGlobe-MaplyComponent.xcodeproj */;
			proxyType = 2;
			remoteGlobalIDString = 2B11E0DB15B4C030007AAE3F;
			remoteInfo = "WhirlyGlobe-MaplyComponent";
		};
/* End PBXContainerItemProxy section */

/* Begin PBXFileReference section */
		D801FA321BCEB70B0044BB32 /* geography-class_medres.mbtiles */ = {isa = PBXFileReference; lastKnownFileType = file; name = "geography-class_medres.mbtiles"; path = "libs/WhirlyGlobeMaply/resources/base_maps/geography-class_medres.mbtiles"; sourceTree = SOURCE_ROOT; };
		D801FA381BCEC5A30044BB32 /* country_json_50m */ = {isa = PBXFileReference; lastKnownFileType = folder; name = country_json_50m; path = libs/WhirlyGlobeMaply/resources/vectors/country_json_50m; sourceTree = SOURCE_ROOT; };
		D801FA3A1BCECEC90044BB32 /* marker-stroked-24@2x.png */ = {isa = PBXFileReference; lastKnownFileType = image.png; name = "marker-stroked-24@2x.png"; path = "libs/WhirlyGlobeMaply/resources/maki icons/marker-stroked-24@2x.png"; sourceTree = SOURCE_ROOT; };
		D801FA661BCEF22D0044BB32 /* CartoDBLayer.swift */ = {isa = PBXFileReference; fileEncoding = 4; lastKnownFileType = sourcecode.swift; path = CartoDBLayer.swift; sourceTree = "<group>"; };
		D801FA671BCEF22D0044BB32 /* ViewController.swift */ = {isa = PBXFileReference; fileEncoding = 4; lastKnownFileType = sourcecode.swift; path = ViewController.swift; sourceTree = "<group>"; };
		D8341A6B1BE2A43D00411A46 /* BridgeClass.h */ = {isa = PBXFileReference; lastKnownFileType = sourcecode.c.h; path = BridgeClass.h; sourceTree = "<group>"; };
		D8341A6C1BE2A61100411A46 /* mapzen_vectors */ = {isa = PBXFileReference; lastKnownFileType = folder; name = mapzen_vectors; path = libs/WhirlyGlobeMaply/resources/mapzen_vectors; sourceTree = SOURCE_ROOT; };
		D8F37A551BCDA6300040D6BD /* HelloEarthSwift.app */ = {isa = PBXFileReference; explicitFileType = wrapper.application; includeInIndex = 0; path = HelloEarthSwift.app; sourceTree = BUILT_PRODUCTS_DIR; };
		D8F37A581BCDA6300040D6BD /* AppDelegate.swift */ = {isa = PBXFileReference; lastKnownFileType = sourcecode.swift; path = AppDelegate.swift; sourceTree = "<group>"; };
		D8F37A5D1BCDA6300040D6BD /* Base */ = {isa = PBXFileReference; lastKnownFileType = file.storyboard; name = Base; path = Base.lproj/Main.storyboard; sourceTree = "<group>"; };
		D8F37A5F1BCDA6300040D6BD /* Assets.xcassets */ = {isa = PBXFileReference; lastKnownFileType = folder.assetcatalog; path = Assets.xcassets; sourceTree = "<group>"; };
		D8F37A621BCDA6300040D6BD /* Base */ = {isa = PBXFileReference; lastKnownFileType = file.storyboard; name = Base; path = Base.lproj/LaunchScreen.storyboard; sourceTree = "<group>"; };
		D8F37A641BCDA6310040D6BD /* Info.plist */ = {isa = PBXFileReference; lastKnownFileType = text.plist.xml; path = Info.plist; sourceTree = "<group>"; };
		D8F37A691BCDA6310040D6BD /* HelloEarthSwiftTests.xctest */ = {isa = PBXFileReference; explicitFileType = wrapper.cfbundle; includeInIndex = 0; path = HelloEarthSwiftTests.xctest; sourceTree = BUILT_PRODUCTS_DIR; };
		D8F37A6D1BCDA6310040D6BD /* HelloEarthSwiftTests.swift */ = {isa = PBXFileReference; lastKnownFileType = sourcecode.swift; path = HelloEarthSwiftTests.swift; sourceTree = "<group>"; };
		D8F37A6F1BCDA6310040D6BD /* Info.plist */ = {isa = PBXFileReference; lastKnownFileType = text.plist.xml; path = Info.plist; sourceTree = "<group>"; };
		D8F37A741BCDA6310040D6BD /* HelloEarthSwiftUITests.xctest */ = {isa = PBXFileReference; explicitFileType = wrapper.cfbundle; includeInIndex = 0; path = HelloEarthSwiftUITests.xctest; sourceTree = BUILT_PRODUCTS_DIR; };
		D8F37A781BCDA6310040D6BD /* HelloEarthSwiftUITests.swift */ = {isa = PBXFileReference; lastKnownFileType = sourcecode.swift; path = HelloEarthSwiftUITests.swift; sourceTree = "<group>"; };
		D8F37A7A1BCDA6310040D6BD /* Info.plist */ = {isa = PBXFileReference; lastKnownFileType = text.plist.xml; path = Info.plist; sourceTree = "<group>"; };
		D8F37A861BCDB17D0040D6BD /* WhirlyGlobe-MaplyComponent.xcodeproj */ = {isa = PBXFileReference; lastKnownFileType = "wrapper.pb-project"; name = "WhirlyGlobe-MaplyComponent.xcodeproj"; path = "libs/WhirlyGlobeMaply/WhirlyGlobeSrc/WhirlyGlobe-MaplyComponent/WhirlyGlobe-MaplyComponent.xcodeproj"; sourceTree = "<group>"; };
		D8F37A8E1BCDB1A70040D6BD /* CoreLocation.framework */ = {isa = PBXFileReference; lastKnownFileType = wrapper.framework; name = CoreLocation.framework; path = System/Library/Frameworks/CoreLocation.framework; sourceTree = SDKROOT; };
		D8F37A901BCDB2060040D6BD /* libc++.tbd */ = {isa = PBXFileReference; lastKnownFileType = "sourcecode.text-based-dylib-definition"; name = "libc++.tbd"; path = "usr/lib/libc++.tbd"; sourceTree = SDKROOT; };
		D8F37A921BCDB2130040D6BD /* libz.tbd */ = {isa = PBXFileReference; lastKnownFileType = "sourcecode.text-based-dylib-definition"; name = libz.tbd; path = usr/lib/libz.tbd; sourceTree = SDKROOT; };
		D8F37A941BCDB2200040D6BD /* libxml2.tbd */ = {isa = PBXFileReference; lastKnownFileType = "sourcecode.text-based-dylib-definition"; name = libxml2.tbd; path = usr/lib/libxml2.tbd; sourceTree = SDKROOT; };
		D8F37A961BCDB22E0040D6BD /* libsqlite3.tbd */ = {isa = PBXFileReference; lastKnownFileType = "sourcecode.text-based-dylib-definition"; name = libsqlite3.tbd; path = usr/lib/libsqlite3.tbd; sourceTree = SDKROOT; };
/* End PBXFileReference section */

/* Begin PBXFrameworksBuildPhase section */
		D8F37A521BCDA6300040D6BD /* Frameworks */ = {
			isa = PBXFrameworksBuildPhase;
			buildActionMask = 2147483647;
			files = (
				D8F37A971BCDB22E0040D6BD /* libsqlite3.tbd in Frameworks */,
				D8F37A951BCDB2200040D6BD /* libxml2.tbd in Frameworks */,
				D8F37A931BCDB2130040D6BD /* libz.tbd in Frameworks */,
				D8F37A911BCDB2060040D6BD /* libc++.tbd in Frameworks */,
				D8F37A8F1BCDB1A70040D6BD /* CoreLocation.framework in Frameworks */,
				D8F37A8D1BCDB18B0040D6BD /* libWhirlyGlobe-MaplyComponent.a in Frameworks */,
			);
			runOnlyForDeploymentPostprocessing = 0;
		};
		D8F37A661BCDA6310040D6BD /* Frameworks */ = {
			isa = PBXFrameworksBuildPhase;
			buildActionMask = 2147483647;
			files = (
			);
			runOnlyForDeploymentPostprocessing = 0;
		};
		D8F37A711BCDA6310040D6BD /* Frameworks */ = {
			isa = PBXFrameworksBuildPhase;
			buildActionMask = 2147483647;
			files = (
			);
			runOnlyForDeploymentPostprocessing = 0;
		};
/* End PBXFrameworksBuildPhase section */

/* Begin PBXGroup section */
		D801FA301BCEB6F30044BB32 /* Resources */ = {
			isa = PBXGroup;
			children = (
				D8341A6C1BE2A61100411A46 /* mapzen_vectors */,
				D801FA3A1BCECEC90044BB32 /* marker-stroked-24@2x.png */,
				D801FA381BCEC5A30044BB32 /* country_json_50m */,
				D801FA321BCEB70B0044BB32 /* geography-class_medres.mbtiles */,
			);
			name = Resources;
			sourceTree = "<group>";
		};
		D8F37A4C1BCDA6300040D6BD = {
			isa = PBXGroup;
			children = (
				D8F37A961BCDB22E0040D6BD /* libsqlite3.tbd */,
				D8F37A941BCDB2200040D6BD /* libxml2.tbd */,
				D8F37A921BCDB2130040D6BD /* libz.tbd */,
				D8F37A901BCDB2060040D6BD /* libc++.tbd */,
				D8F37A8E1BCDB1A70040D6BD /* CoreLocation.framework */,
				D8F37A861BCDB17D0040D6BD /* WhirlyGlobe-MaplyComponent.xcodeproj */,
				D8F37A571BCDA6300040D6BD /* HelloEarthSwift */,
				D8F37A6C1BCDA6310040D6BD /* HelloEarthSwiftTests */,
				D8F37A771BCDA6310040D6BD /* HelloEarthSwiftUITests */,
				D8F37A561BCDA6300040D6BD /* Products */,
			);
			sourceTree = "<group>";
		};
		D8F37A561BCDA6300040D6BD /* Products */ = {
			isa = PBXGroup;
			children = (
				D8F37A551BCDA6300040D6BD /* HelloEarthSwift.app */,
				D8F37A691BCDA6310040D6BD /* HelloEarthSwiftTests.xctest */,
				D8F37A741BCDA6310040D6BD /* HelloEarthSwiftUITests.xctest */,
			);
			name = Products;
			sourceTree = "<group>";
		};
		D8F37A571BCDA6300040D6BD /* HelloEarthSwift */ = {
			isa = PBXGroup;
			children = (
				D801FA661BCEF22D0044BB32 /* CartoDBLayer.swift */,
				D801FA671BCEF22D0044BB32 /* ViewController.swift */,
				D801FA301BCEB6F30044BB32 /* Resources */,
				D8F37A581BCDA6300040D6BD /* AppDelegate.swift */,
				D8F37A5C1BCDA6300040D6BD /* Main.storyboard */,
				D8F37A5F1BCDA6300040D6BD /* Assets.xcassets */,
				D8F37A611BCDA6300040D6BD /* LaunchScreen.storyboard */,
				D8F37A641BCDA6310040D6BD /* Info.plist */,
				D8341A6B1BE2A43D00411A46 /* BridgeClass.h */,
			);
			path = HelloEarthSwift;
			sourceTree = "<group>";
		};
		D8F37A6C1BCDA6310040D6BD /* HelloEarthSwiftTests */ = {
			isa = PBXGroup;
			children = (
				D8F37A6D1BCDA6310040D6BD /* HelloEarthSwiftTests.swift */,
				D8F37A6F1BCDA6310040D6BD /* Info.plist */,
			);
			path = HelloEarthSwiftTests;
			sourceTree = "<group>";
		};
		D8F37A771BCDA6310040D6BD /* HelloEarthSwiftUITests */ = {
			isa = PBXGroup;
			children = (
				D8F37A781BCDA6310040D6BD /* HelloEarthSwiftUITests.swift */,
				D8F37A7A1BCDA6310040D6BD /* Info.plist */,
			);
			path = HelloEarthSwiftUITests;
			sourceTree = "<group>";
		};
		D8F37A871BCDB17D0040D6BD /* Products */ = {
			isa = PBXGroup;
			children = (
				D8F37A8C1BCDB17D0040D6BD /* libWhirlyGlobe-MaplyComponent.a */,
			);
			name = Products;
			sourceTree = "<group>";
		};
/* End PBXGroup section */

/* Begin PBXNativeTarget section */
		D8F37A541BCDA6300040D6BD /* HelloEarthSwift */ = {
			isa = PBXNativeTarget;
			buildConfigurationList = D8F37A7D1BCDA6310040D6BD /* Build configuration list for PBXNativeTarget "HelloEarthSwift" */;
			buildPhases = (
				D8F37A511BCDA6300040D6BD /* Sources */,
				D8F37A521BCDA6300040D6BD /* Frameworks */,
				D8F37A531BCDA6300040D6BD /* Resources */,
			);
			buildRules = (
			);
			dependencies = (
			);
			name = HelloEarthSwift;
			productName = HelloEarthSwift;
			productReference = D8F37A551BCDA6300040D6BD /* HelloEarthSwift.app */;
			productType = "com.apple.product-type.application";
		};
		D8F37A681BCDA6310040D6BD /* HelloEarthSwiftTests */ = {
			isa = PBXNativeTarget;
			buildConfigurationList = D8F37A801BCDA6310040D6BD /* Build configuration list for PBXNativeTarget "HelloEarthSwiftTests" */;
			buildPhases = (
				D8F37A651BCDA6310040D6BD /* Sources */,
				D8F37A661BCDA6310040D6BD /* Frameworks */,
				D8F37A671BCDA6310040D6BD /* Resources */,
			);
			buildRules = (
			);
			dependencies = (
				D8F37A6B1BCDA6310040D6BD /* PBXTargetDependency */,
			);
			name = HelloEarthSwiftTests;
			productName = HelloEarthSwiftTests;
			productReference = D8F37A691BCDA6310040D6BD /* HelloEarthSwiftTests.xctest */;
			productType = "com.apple.product-type.bundle.unit-test";
		};
		D8F37A731BCDA6310040D6BD /* HelloEarthSwiftUITests */ = {
			isa = PBXNativeTarget;
			buildConfigurationList = D8F37A831BCDA6310040D6BD /* Build configuration list for PBXNativeTarget "HelloEarthSwiftUITests" */;
			buildPhases = (
				D8F37A701BCDA6310040D6BD /* Sources */,
				D8F37A711BCDA6310040D6BD /* Frameworks */,
				D8F37A721BCDA6310040D6BD /* Resources */,
			);
			buildRules = (
			);
			dependencies = (
				D8F37A761BCDA6310040D6BD /* PBXTargetDependency */,
			);
			name = HelloEarthSwiftUITests;
			productName = HelloEarthSwiftUITests;
			productReference = D8F37A741BCDA6310040D6BD /* HelloEarthSwiftUITests.xctest */;
			productType = "com.apple.product-type.bundle.ui-testing";
		};
/* End PBXNativeTarget section */

/* Begin PBXProject section */
		D8F37A4D1BCDA6300040D6BD /* Project object */ = {
			isa = PBXProject;
			attributes = {
				LastUpgradeCheck = 0700;
				ORGANIZATIONNAME = "Daniel Martín García";
				TargetAttributes = {
					D8F37A541BCDA6300040D6BD = {
						CreatedOnToolsVersion = 7.0.1;
					};
					D8F37A681BCDA6310040D6BD = {
						CreatedOnToolsVersion = 7.0.1;
						TestTargetID = D8F37A541BCDA6300040D6BD;
					};
					D8F37A731BCDA6310040D6BD = {
						CreatedOnToolsVersion = 7.0.1;
						TestTargetID = D8F37A541BCDA6300040D6BD;
					};
				};
			};
			buildConfigurationList = D8F37A501BCDA6300040D6BD /* Build configuration list for PBXProject "HelloEarthSwift" */;
			compatibilityVersion = "Xcode 3.2";
			developmentRegion = English;
			hasScannedForEncodings = 0;
			knownRegions = (
				en,
				Base,
			);
			mainGroup = D8F37A4C1BCDA6300040D6BD;
			productRefGroup = D8F37A561BCDA6300040D6BD /* Products */;
			projectDirPath = "";
			projectReferences = (
				{
					ProductGroup = D8F37A871BCDB17D0040D6BD /* Products */;
					ProjectRef = D8F37A861BCDB17D0040D6BD /* WhirlyGlobe-MaplyComponent.xcodeproj */;
				},
			);
			projectRoot = "";
			targets = (
				D8F37A541BCDA6300040D6BD /* HelloEarthSwift */,
				D8F37A681BCDA6310040D6BD /* HelloEarthSwiftTests */,
				D8F37A731BCDA6310040D6BD /* HelloEarthSwiftUITests */,
			);
		};
/* End PBXProject section */

/* Begin PBXReferenceProxy section */
		D8F37A8C1BCDB17D0040D6BD /* libWhirlyGlobe-MaplyComponent.a */ = {
			isa = PBXReferenceProxy;
			fileType = archive.ar;
			path = "libWhirlyGlobe-MaplyComponent.a";
			remoteRef = D8F37A8B1BCDB17D0040D6BD /* PBXContainerItemProxy */;
			sourceTree = BUILT_PRODUCTS_DIR;
		};
/* End PBXReferenceProxy section */

/* Begin PBXResourcesBuildPhase section */
		D8F37A531BCDA6300040D6BD /* Resources */ = {
			isa = PBXResourcesBuildPhase;
			buildActionMask = 2147483647;
			files = (
				D801FA331BCEB70B0044BB32 /* geography-class_medres.mbtiles in Resources */,
				D801FA391BCEC5A30044BB32 /* country_json_50m in Resources */,
				D8F37A631BCDA6300040D6BD /* LaunchScreen.storyboard in Resources */,
				D801FA3B1BCECEC90044BB32 /* marker-stroked-24@2x.png in Resources */,
				D8F37A601BCDA6300040D6BD /* Assets.xcassets in Resources */,
				D8F37A5E1BCDA6300040D6BD /* Main.storyboard in Resources */,
				D8341A6D1BE2A61100411A46 /* mapzen_vectors in Resources */,
			);
			runOnlyForDeploymentPostprocessing = 0;
		};
		D8F37A671BCDA6310040D6BD /* Resources */ = {
			isa = PBXResourcesBuildPhase;
			buildActionMask = 2147483647;
			files = (
			);
			runOnlyForDeploymentPostprocessing = 0;
		};
		D8F37A721BCDA6310040D6BD /* Resources */ = {
			isa = PBXResourcesBuildPhase;
			buildActionMask = 2147483647;
			files = (
			);
			runOnlyForDeploymentPostprocessing = 0;
		};
/* End PBXResourcesBuildPhase section */

/* Begin PBXSourcesBuildPhase section */
		D8F37A511BCDA6300040D6BD /* Sources */ = {
			isa = PBXSourcesBuildPhase;
			buildActionMask = 2147483647;
			files = (
				D801FA691BCEF22D0044BB32 /* ViewController.swift in Sources */,
				D8F37A591BCDA6300040D6BD /* AppDelegate.swift in Sources */,
				D801FA681BCEF22D0044BB32 /* CartoDBLayer.swift in Sources */,
			);
			runOnlyForDeploymentPostprocessing = 0;
		};
		D8F37A651BCDA6310040D6BD /* Sources */ = {
			isa = PBXSourcesBuildPhase;
			buildActionMask = 2147483647;
			files = (
				D8F37A6E1BCDA6310040D6BD /* HelloEarthSwiftTests.swift in Sources */,
			);
			runOnlyForDeploymentPostprocessing = 0;
		};
		D8F37A701BCDA6310040D6BD /* Sources */ = {
			isa = PBXSourcesBuildPhase;
			buildActionMask = 2147483647;
			files = (
				D8F37A791BCDA6310040D6BD /* HelloEarthSwiftUITests.swift in Sources */,
			);
			runOnlyForDeploymentPostprocessing = 0;
		};
/* End PBXSourcesBuildPhase section */

/* Begin PBXTargetDependency section */
		D8F37A6B1BCDA6310040D6BD /* PBXTargetDependency */ = {
			isa = PBXTargetDependency;
			target = D8F37A541BCDA6300040D6BD /* HelloEarthSwift */;
			targetProxy = D8F37A6A1BCDA6310040D6BD /* PBXContainerItemProxy */;
		};
		D8F37A761BCDA6310040D6BD /* PBXTargetDependency */ = {
			isa = PBXTargetDependency;
			target = D8F37A541BCDA6300040D6BD /* HelloEarthSwift */;
			targetProxy = D8F37A751BCDA6310040D6BD /* PBXContainerItemProxy */;
		};
/* End PBXTargetDependency section */

/* Begin PBXVariantGroup section */
		D8F37A5C1BCDA6300040D6BD /* Main.storyboard */ = {
			isa = PBXVariantGroup;
			children = (
				D8F37A5D1BCDA6300040D6BD /* Base */,
			);
			name = Main.storyboard;
			sourceTree = "<group>";
		};
		D8F37A611BCDA6300040D6BD /* LaunchScreen.storyboard */ = {
			isa = PBXVariantGroup;
			children = (
				D8F37A621BCDA6300040D6BD /* Base */,
			);
			name = LaunchScreen.storyboard;
			sourceTree = "<group>";
		};
/* End PBXVariantGroup section */

/* Begin XCBuildConfiguration section */
		D8F37A7B1BCDA6310040D6BD /* Debug */ = {
			isa = XCBuildConfiguration;
			buildSettings = {
				ALWAYS_SEARCH_USER_PATHS = NO;
				CLANG_CXX_LANGUAGE_STANDARD = "gnu++0x";
				CLANG_CXX_LIBRARY = "libc++";
				CLANG_ENABLE_MODULES = YES;
				CLANG_ENABLE_OBJC_ARC = YES;
				CLANG_WARN_BOOL_CONVERSION = YES;
				CLANG_WARN_CONSTANT_CONVERSION = YES;
				CLANG_WARN_DIRECT_OBJC_ISA_USAGE = YES_ERROR;
				CLANG_WARN_EMPTY_BODY = YES;
				CLANG_WARN_ENUM_CONVERSION = YES;
				CLANG_WARN_INT_CONVERSION = YES;
				CLANG_WARN_OBJC_ROOT_CLASS = YES_ERROR;
				CLANG_WARN_UNREACHABLE_CODE = YES;
				CLANG_WARN__DUPLICATE_METHOD_MATCH = YES;
				"CODE_SIGN_IDENTITY[sdk=iphoneos*]" = "iPhone Developer";
				COPY_PHASE_STRIP = NO;
				DEBUG_INFORMATION_FORMAT = dwarf;
				ENABLE_STRICT_OBJC_MSGSEND = YES;
				ENABLE_TESTABILITY = YES;
				GCC_C_LANGUAGE_STANDARD = gnu99;
				GCC_DYNAMIC_NO_PIC = NO;
				GCC_NO_COMMON_BLOCKS = YES;
				GCC_OPTIMIZATION_LEVEL = 0;
				GCC_PREPROCESSOR_DEFINITIONS = (
					"DEBUG=1",
					"$(inherited)",
				);
				GCC_WARN_64_TO_32_BIT_CONVERSION = YES;
				GCC_WARN_ABOUT_RETURN_TYPE = YES_ERROR;
				GCC_WARN_UNDECLARED_SELECTOR = YES;
				GCC_WARN_UNINITIALIZED_AUTOS = YES_AGGRESSIVE;
				GCC_WARN_UNUSED_FUNCTION = YES;
				GCC_WARN_UNUSED_VARIABLE = YES;
				HEADER_SEARCH_PATHS = "$(SRCROOT)/libs/WhirlyGlobeMaply/WhirlyGlobeSrc/WhirlyGlobe-MaplyComponent/include/**";
				IPHONEOS_DEPLOYMENT_TARGET = 9.0;
				MTL_ENABLE_DEBUG_INFO = YES;
				ONLY_ACTIVE_ARCH = YES;
				SDKROOT = iphoneos;
				SWIFT_OBJC_BRIDGING_HEADER = "$(SRCROOT)/HelloEarthSwift/BridgeClass.h";
				SWIFT_OPTIMIZATION_LEVEL = "-Onone";
				TARGETED_DEVICE_FAMILY = "1,2";
			};
			name = Debug;
		};
		D8F37A7C1BCDA6310040D6BD /* Release */ = {
			isa = XCBuildConfiguration;
			buildSettings = {
				ALWAYS_SEARCH_USER_PATHS = NO;
				CLANG_CXX_LANGUAGE_STANDARD = "gnu++0x";
				CLANG_CXX_LIBRARY = "libc++";
				CLANG_ENABLE_MODULES = YES;
				CLANG_ENABLE_OBJC_ARC = YES;
				CLANG_WARN_BOOL_CONVERSION = YES;
				CLANG_WARN_CONSTANT_CONVERSION = YES;
				CLANG_WARN_DIRECT_OBJC_ISA_USAGE = YES_ERROR;
				CLANG_WARN_EMPTY_BODY = YES;
				CLANG_WARN_ENUM_CONVERSION = YES;
				CLANG_WARN_INT_CONVERSION = YES;
				CLANG_WARN_OBJC_ROOT_CLASS = YES_ERROR;
				CLANG_WARN_UNREACHABLE_CODE = YES;
				CLANG_WARN__DUPLICATE_METHOD_MATCH = YES;
				"CODE_SIGN_IDENTITY[sdk=iphoneos*]" = "iPhone Developer";
				COPY_PHASE_STRIP = NO;
				DEBUG_INFORMATION_FORMAT = "dwarf-with-dsym";
				ENABLE_NS_ASSERTIONS = NO;
				ENABLE_STRICT_OBJC_MSGSEND = YES;
				GCC_C_LANGUAGE_STANDARD = gnu99;
				GCC_NO_COMMON_BLOCKS = YES;
				GCC_WARN_64_TO_32_BIT_CONVERSION = YES;
				GCC_WARN_ABOUT_RETURN_TYPE = YES_ERROR;
				GCC_WARN_UNDECLARED_SELECTOR = YES;
				GCC_WARN_UNINITIALIZED_AUTOS = YES_AGGRESSIVE;
				GCC_WARN_UNUSED_FUNCTION = YES;
				GCC_WARN_UNUSED_VARIABLE = YES;
				HEADER_SEARCH_PATHS = "$(SRCROOT)/libs/WhirlyGlobeMaply/WhirlyGlobeSrc/WhirlyGlobe-MaplyComponent/include/**";
				IPHONEOS_DEPLOYMENT_TARGET = 9.0;
				MTL_ENABLE_DEBUG_INFO = NO;
				SDKROOT = iphoneos;
				SWIFT_OBJC_BRIDGING_HEADER = "$(SRCROOT)/HelloEarthSwift/BridgeClass.h";
				TARGETED_DEVICE_FAMILY = "1,2";
				VALIDATE_PRODUCT = YES;
			};
			name = Release;
		};
		D8F37A7E1BCDA6310040D6BD /* Debug */ = {
			isa = XCBuildConfiguration;
			buildSettings = {
				ASSETCATALOG_COMPILER_APPICON_NAME = AppIcon;
				HEADER_SEARCH_PATHS = "$(SRCROOT)/libs/WhirlyGlobeMaply/WhirlyGlobeSrc/WhirlyGlobe-MaplyComponent/include/**";
				INFOPLIST_FILE = HelloEarthSwift/Info.plist;
				LD_RUNPATH_SEARCH_PATHS = "$(inherited) @executable_path/Frameworks";
				PRODUCT_BUNDLE_IDENTIFIER = dmartinw.HelloEarthSwift;
				PRODUCT_NAME = "$(TARGET_NAME)";
				SWIFT_OBJC_BRIDGING_HEADER = "$(SRCROOT)/HelloEarthSwift/BridgeClass.h";
			};
			name = Debug;
		};
		D8F37A7F1BCDA6310040D6BD /* Release */ = {
			isa = XCBuildConfiguration;
			buildSettings = {
				ASSETCATALOG_COMPILER_APPICON_NAME = AppIcon;
				HEADER_SEARCH_PATHS = "$(SRCROOT)/libs/WhirlyGlobeMaply/WhirlyGlobeSrc/WhirlyGlobe-MaplyComponent/include/**";
				INFOPLIST_FILE = HelloEarthSwift/Info.plist;
				LD_RUNPATH_SEARCH_PATHS = "$(inherited) @executable_path/Frameworks";
				PRODUCT_BUNDLE_IDENTIFIER = dmartinw.HelloEarthSwift;
				PRODUCT_NAME = "$(TARGET_NAME)";
				SWIFT_OBJC_BRIDGING_HEADER = "$(SRCROOT)/HelloEarthSwift/BridgeClass.h";
			};
			name = Release;
		};
		D8F37A811BCDA6310040D6BD /* Debug */ = {
			isa = XCBuildConfiguration;
			buildSettings = {
				BUNDLE_LOADER = "$(TEST_HOST)";
				INFOPLIST_FILE = HelloEarthSwiftTests/Info.plist;
				LD_RUNPATH_SEARCH_PATHS = "$(inherited) @executable_path/Frameworks @loader_path/Frameworks";
				PRODUCT_BUNDLE_IDENTIFIER = dmartinw.HelloEarthSwiftTests;
				PRODUCT_NAME = "$(TARGET_NAME)";
				TEST_HOST = "$(BUILT_PRODUCTS_DIR)/HelloEarthSwift.app/HelloEarthSwift";
			};
			name = Debug;
		};
		D8F37A821BCDA6310040D6BD /* Release */ = {
			isa = XCBuildConfiguration;
			buildSettings = {
				BUNDLE_LOADER = "$(TEST_HOST)";
				INFOPLIST_FILE = HelloEarthSwiftTests/Info.plist;
				LD_RUNPATH_SEARCH_PATHS = "$(inherited) @executable_path/Frameworks @loader_path/Frameworks";
				PRODUCT_BUNDLE_IDENTIFIER = dmartinw.HelloEarthSwiftTests;
				PRODUCT_NAME = "$(TARGET_NAME)";
				TEST_HOST = "$(BUILT_PRODUCTS_DIR)/HelloEarthSwift.app/HelloEarthSwift";
			};
			name = Release;
		};
		D8F37A841BCDA6310040D6BD /* Debug */ = {
			isa = XCBuildConfiguration;
			buildSettings = {
				INFOPLIST_FILE = HelloEarthSwiftUITests/Info.plist;
				LD_RUNPATH_SEARCH_PATHS = "$(inherited) @executable_path/Frameworks @loader_path/Frameworks";
				PRODUCT_BUNDLE_IDENTIFIER = dmartinw.HelloEarthSwiftUITests;
				PRODUCT_NAME = "$(TARGET_NAME)";
				TEST_TARGET_NAME = HelloEarthSwift;
				USES_XCTRUNNER = YES;
			};
			name = Debug;
		};
		D8F37A851BCDA6310040D6BD /* Release */ = {
			isa = XCBuildConfiguration;
			buildSettings = {
				INFOPLIST_FILE = HelloEarthSwiftUITests/Info.plist;
				LD_RUNPATH_SEARCH_PATHS = "$(inherited) @executable_path/Frameworks @loader_path/Frameworks";
				PRODUCT_BUNDLE_IDENTIFIER = dmartinw.HelloEarthSwiftUITests;
				PRODUCT_NAME = "$(TARGET_NAME)";
				TEST_TARGET_NAME = HelloEarthSwift;
				USES_XCTRUNNER = YES;
			};
			name = Release;
		};
/* End XCBuildConfiguration section */

/* Begin XCConfigurationList section */
		D8F37A501BCDA6300040D6BD /* Build configuration list for PBXProject "HelloEarthSwift" */ = {
			isa = XCConfigurationList;
			buildConfigurations = (
				D8F37A7B1BCDA6310040D6BD /* Debug */,
				D8F37A7C1BCDA6310040D6BD /* Release */,
			);
			defaultConfigurationIsVisible = 0;
			defaultConfigurationName = Release;
		};
		D8F37A7D1BCDA6310040D6BD /* Build configuration list for PBXNativeTarget "HelloEarthSwift" */ = {
			isa = XCConfigurationList;
			buildConfigurations = (
				D8F37A7E1BCDA6310040D6BD /* Debug */,
				D8F37A7F1BCDA6310040D6BD /* Release */,
			);
			defaultConfigurationIsVisible = 0;
			defaultConfigurationName = Release;
		};
		D8F37A801BCDA6310040D6BD /* Build configuration list for PBXNativeTarget "HelloEarthSwiftTests" */ = {
			isa = XCConfigurationList;
			buildConfigurations = (
				D8F37A811BCDA6310040D6BD /* Debug */,
				D8F37A821BCDA6310040D6BD /* Release */,
			);
			defaultConfigurationIsVisible = 0;
			defaultConfigurationName = Release;
		};
		D8F37A831BCDA6310040D6BD /* Build configuration list for PBXNativeTarget "HelloEarthSwiftUITests" */ = {
			isa = XCConfigurationList;
			buildConfigurations = (
				D8F37A841BCDA6310040D6BD /* Debug */,
				D8F37A851BCDA6310040D6BD /* Release */,
			);
			defaultConfigurationIsVisible = 0;
			defaultConfigurationName = Release;
		};
/* End XCConfigurationList section */
	};
	rootObject = D8F37A4D1BCDA6300040D6BD /* Project object */;
}
